
Microsoft Visual Studio Solution File, Format Version 12.00
# Visual Studio 15
VisualStudioVersion = 15.0.26124.0
MinimumVisualStudioVersion = 15.0.26124.0
Project("{FAE04EC0-301F-11D3-BF4B-00C04F79EFBC}") = "HerStory.API", "HerStory.API\HerStory.API.csproj", "{698A364A-E9D9-4496-A68B-7CDE1FC06129}"
EndProject
Project("{FAE04EC0-301F-11D3-BF4B-00C04F79EFBC}") = "HerStory.Core", "HerStory.Core\HerStory.Core.csproj", "{5B85D48F-78EC-44C1-B6BE-E0DDBB580BA2}"
EndProject
Project("{FAE04EC0-301F-11D3-BF4B-00C04F79EFBC}") = "HerStory.Infra", "HerStory.Infra\HerStory.Infra.csproj", "{D4A9E84E-FD63-4A95-9CE6-1DEC31E89595}"
EndProject
Global
	GlobalSection(SolutionConfigurationPlatforms) = preSolution
		Debug|Any CPU = Debug|Any CPU
		Debug|x64 = Debug|x64
		Debug|x86 = Debug|x86
		Release|Any CPU = Release|Any CPU
		Release|x64 = Release|x64
		Release|x86 = Release|x86
	EndGlobalSection
	GlobalSection(SolutionProperties) = preSolution
		HideSolutionNode = FALSE
	EndGlobalSection
	GlobalSection(ProjectConfigurationPlatforms) = postSolution
		{698A364A-E9D9-4496-A68B-7CDE1FC06129}.Debug|Any CPU.ActiveCfg = Debug|Any CPU
		{698A364A-E9D9-4496-A68B-7CDE1FC06129}.Debug|Any CPU.Build.0 = Debug|Any CPU
		{698A364A-E9D9-4496-A68B-7CDE1FC06129}.Debug|x64.ActiveCfg = Debug|Any CPU
		{698A364A-E9D9-4496-A68B-7CDE1FC06129}.Debug|x64.Build.0 = Debug|Any CPU
		{698A364A-E9D9-4496-A68B-7CDE1FC06129}.Debug|x86.ActiveCfg = Debug|Any CPU
		{698A364A-E9D9-4496-A68B-7CDE1FC06129}.Debug|x86.Build.0 = Debug|Any CPU
		{698A364A-E9D9-4496-A68B-7CDE1FC06129}.Release|Any CPU.ActiveCfg = Release|Any CPU
		{698A364A-E9D9-4496-A68B-7CDE1FC06129}.Release|Any CPU.Build.0 = Release|Any CPU
		{698A364A-E9D9-4496-A68B-7CDE1FC06129}.Release|x64.ActiveCfg = Release|Any CPU
		{698A364A-E9D9-4496-A68B-7CDE1FC06129}.Release|x64.Build.0 = Release|Any CPU
		{698A364A-E9D9-4496-A68B-7CDE1FC06129}.Release|x86.ActiveCfg = Release|Any CPU
		{698A364A-E9D9-4496-A68B-7CDE1FC06129}.Release|x86.Build.0 = Release|Any CPU
		{5B85D48F-78EC-44C1-B6BE-E0DDBB580BA2}.Debug|Any CPU.ActiveCfg = Debug|Any CPU
		{5B85D48F-78EC-44C1-B6BE-E0DDBB580BA2}.Debug|Any CPU.Build.0 = Debug|Any CPU
		{5B85D48F-78EC-44C1-B6BE-E0DDBB580BA2}.Debug|x64.ActiveCfg = Debug|Any CPU
		{5B85D48F-78EC-44C1-B6BE-E0DDBB580BA2}.Debug|x64.Build.0 = Debug|Any CPU
		{5B85D48F-78EC-44C1-B6BE-E0DDBB580BA2}.Debug|x86.ActiveCfg = Debug|Any CPU
		{5B85D48F-78EC-44C1-B6BE-E0DDBB580BA2}.Debug|x86.Build.0 = Debug|Any CPU
		{5B85D48F-78EC-44C1-B6BE-E0DDBB580BA2}.Release|Any CPU.ActiveCfg = Release|Any CPU
		{5B85D48F-78EC-44C1-B6BE-E0DDBB580BA2}.Release|Any CPU.Build.0 = Release|Any CPU
		{5B85D48F-78EC-44C1-B6BE-E0DDBB580BA2}.Release|x64.ActiveCfg = Release|Any CPU
		{5B85D48F-78EC-44C1-B6BE-E0DDBB580BA2}.Release|x64.Build.0 = Release|Any CPU
		{5B85D48F-78EC-44C1-B6BE-E0DDBB580BA2}.Release|x86.ActiveCfg = Release|Any CPU
		{5B85D48F-78EC-44C1-B6BE-E0DDBB580BA2}.Release|x86.Build.0 = Release|Any CPU
		{D4A9E84E-FD63-4A95-9CE6-1DEC31E89595}.Debug|Any CPU.ActiveCfg = Debug|Any CPU
		{D4A9E84E-FD63-4A95-9CE6-1DEC31E89595}.Debug|Any CPU.Build.0 = Debug|Any CPU
		{D4A9E84E-FD63-4A95-9CE6-1DEC31E89595}.Debug|x64.ActiveCfg = Debug|Any CPU
		{D4A9E84E-FD63-4A95-9CE6-1DEC31E89595}.Debug|x64.Build.0 = Debug|Any CPU
		{D4A9E84E-FD63-4A95-9CE6-1DEC31E89595}.Debug|x86.ActiveCfg = Debug|Any CPU
		{D4A9E84E-FD63-4A95-9CE6-1DEC31E89595}.Debug|x86.Build.0 = Debug|Any CPU
		{D4A9E84E-FD63-4A95-9CE6-1DEC31E89595}.Release|Any CPU.ActiveCfg = Release|Any CPU
		{D4A9E84E-FD63-4A95-9CE6-1DEC31E89595}.Release|Any CPU.Build.0 = Release|Any CPU
		{D4A9E84E-FD63-4A95-9CE6-1DEC31E89595}.Release|x64.ActiveCfg = Release|Any CPU
		{D4A9E84E-FD63-4A95-9CE6-1DEC31E89595}.Release|x64.Build.0 = Release|Any CPU
		{D4A9E84E-FD63-4A95-9CE6-1DEC31E89595}.Release|x86.ActiveCfg = Release|Any CPU
		{D4A9E84E-FD63-4A95-9CE6-1DEC31E89595}.Release|x86.Build.0 = Release|Any CPU
	EndGlobalSection
EndGlobal
